
Microsoft Visual Studio Solution File, Format Version 12.00
# Visual Studio 14
VisualStudioVersion = 14.0.24720.0
MinimumVisualStudioVersion = 10.0.40219.1
Project("{FAE04EC0-301F-11D3-BF4B-00C04F79EFBC}") = "Demo", "Demo\Demo.csproj", "{4BE6ADB0-FD6B-4EDB-8CAA-B15C0B6E992C}"
EndProject
Project("{2150E333-8FDC-42A3-9474-1A3956D46DE8}") = "SolutionItems", "SolutionItems", "{8969074C-7F80-45E7-B638-8F5394E28EA4}"
	ProjectSection(SolutionItems) = preProject
		..\..\Users\Alex\Desktop\database-setup.sql = ..\..\Users\Alex\Desktop\database-setup.sql
	EndProjectSection
EndProject
Global
	GlobalSection(SolutionConfigurationPlatforms) = preSolution
		Debug|Any CPU = Debug|Any CPU
		Release|Any CPU = Release|Any CPU
	EndGlobalSection
	GlobalSection(ProjectConfigurationPlatforms) = postSolution
		{4BE6ADB0-FD6B-4EDB-8CAA-B15C0B6E992C}.Debug|Any CPU.ActiveCfg = Debug|Any CPU
		{4BE6ADB0-FD6B-4EDB-8CAA-B15C0B6E992C}.Debug|Any CPU.Build.0 = Debug|Any CPU
		{4BE6ADB0-FD6B-4EDB-8CAA-B15C0B6E992C}.Release|Any CPU.ActiveCfg = Release|Any CPU
		{4BE6ADB0-FD6B-4EDB-8CAA-B15C0B6E992C}.Release|Any CPU.Build.0 = Release|Any CPU
	EndGlobalSection
	GlobalSection(SolutionProperties) = preSolution
		HideSolutionNode = FALSE
	EndGlobalSection
EndGlobal
